
Microsoft Visual Studio Solution File, Format Version 12.00
# Visual Studio Version 16
VisualStudioVersion = 16.0.29102.190
MinimumVisualStudioVersion = 10.0.40219.1
Project("{FAE04EC0-301F-11D3-BF4B-00C04F79EFBC}") = "WebsiteExample", "WebsiteExample.csproj", "{CFAADBBF-8D58-461D-ADBC-52B2CCD9A045}"
EndProject
Global
	GlobalSection(SolutionConfigurationPlatforms) = preSolution
		Debug|Any CPU = Debug|Any CPU
		Release|Any CPU = Release|Any CPU
	EndGlobalSection
	GlobalSection(ProjectConfigurationPlatforms) = postSolution
		{CFAADBBF-8D58-461D-ADBC-52B2CCD9A045}.Debug|Any CPU.ActiveCfg = Debug|Any CPU
		{CFAADBBF-8D58-461D-ADBC-52B2CCD9A045}.Debug|Any CPU.Build.0 = Debug|Any CPU
		{CFAADBBF-8D58-461D-ADBC-52B2CCD9A045}.Release|Any CPU.ActiveCfg = Release|Any CPU
		{CFAADBBF-8D58-461D-ADBC-52B2CCD9A045}.Release|Any CPU.Build.0 = Release|Any CPU
	EndGlobalSection
	GlobalSection(SolutionProperties) = preSolution
		HideSolutionNode = FALSE
	EndGlobalSection
	GlobalSection(ExtensibilityGlobals) = postSolution
		SolutionGuid = {B7F6CB48-0C81-422A-88EB-E08B035FD960}
	EndGlobalSection
EndGlobal
